{
  "name": "@ces/sourced-action",
  "version": "12.0.0",
  "lockfileVersion": 2,
  "requires": true,
  "packages": {
    "": {
      "name": "@ces/sourced-action",
      "version": "12.0.0",
      "license": "UNLICENSED",
      "devDependencies": {
        "@angular/core": ">=8",
        "@ngrx/effects": ">=12",
        "@ngrx/store": ">=12",
        "rxjs": ">=6",
        "typescript": ">=4"
      },
      "peerDependencies": {
        "@ngrx/store": ">=12",
        "rxjs": ">=6"
      }
    },
    "node_modules/@angular/core": {
      "version": "12.0.5",
      "resolved": "https://registry.npmjs.org/@angular/core/-/core-12.0.5.tgz",
      "integrity": "sha512-uVYsZa1VqVw8vNcjUYgfjXBc1M3WaxLXoLnCsDvutJiln4csa8Yw8p7RqQSrZ6AgQ8o2LHD2JJ5kus3EDMwfcA==",
      "dev": true,
      "dependencies": {
        "tslib": "^2.1.0"
      },
      "engines": {
        "node": "^12.14.1 || >=14.0.0"
      },
      "peerDependencies": {
        "rxjs": "^6.5.3",
        "zone.js": "~0.11.4"
      }
    },
    "node_modules/@angular/core/node_modules/tslib": {
      "version": "2.3.0",
      "resolved": "https://registry.npmjs.org/tslib/-/tslib-2.3.0.tgz",
      "integrity": "sha512-N82ooyxVNm6h1riLCoyS9e3fuJ3AMG2zIZs2Gd1ATcSFjSA23Q0fzjjZeh0jbJvWVDZ0cJT8yaNNaaXHzueNjg==",
      "dev": true
    },
    "node_modules/@ngrx/effects": {
      "version": "12.1.0",
      "resolved": "https://registry.npmjs.org/@ngrx/effects/-/effects-12.1.0.tgz",
      "integrity": "sha512-DcVovaJB9hZ8qo5UNjRS0KqLaMX8YreuR3EtRPUysB0aePBuoWQiN8HUic8DgmI2cN3KcZxOsRKj/1VaVArLJw==",
      "dev": true,
      "dependencies": {
        "tslib": "^2.0.0"
      },
      "peerDependencies": {
        "@angular/core": "^12.0.0",
        "@ngrx/store": "12.1.0",
        "rxjs": "^6.5.3"
      }
    },
    "node_modules/@ngrx/effects/node_modules/tslib": {
      "version": "2.3.0",
      "resolved": "https://registry.npmjs.org/tslib/-/tslib-2.3.0.tgz",
      "integrity": "sha512-N82ooyxVNm6h1riLCoyS9e3fuJ3AMG2zIZs2Gd1ATcSFjSA23Q0fzjjZeh0jbJvWVDZ0cJT8yaNNaaXHzueNjg==",
      "dev": true
    },
    "node_modules/@ngrx/store": {
      "version": "12.1.0",
      "resolved": "https://registry.npmjs.org/@ngrx/store/-/store-12.1.0.tgz",
      "integrity": "sha512-HrNs7bs/MNkLxFnvGx7uPIvEP3RWqGMewVaFjqUxq6sDefn6D6TQ/Sv/8KsNNxuG7r7pKGw+U/tClunJhmRfpw==",
      "dev": true,
      "dependencies": {
        "tslib": "^2.0.0"
      },
      "peerDependencies": {
        "@angular/core": "^12.0.0",
        "rxjs": "^6.5.3"
      }
    },
    "node_modules/@ngrx/store/node_modules/tslib": {
      "version": "2.3.0",
      "resolved": "https://registry.npmjs.org/tslib/-/tslib-2.3.0.tgz",
      "integrity": "sha512-N82ooyxVNm6h1riLCoyS9e3fuJ3AMG2zIZs2Gd1ATcSFjSA23Q0fzjjZeh0jbJvWVDZ0cJT8yaNNaaXHzueNjg==",
      "dev": true
    },
    "node_modules/rxjs": {
      "version": "6.5.5",
      "resolved": "https://registry.npmjs.org/rxjs/-/rxjs-6.5.5.tgz",
      "integrity": "sha512-WfQI+1gohdf0Dai/Bbmk5L5ItH5tYqm3ki2c5GdWhKjalzjg93N3avFjVStyZZz+A2Em+ZxKH5bNghw9UeylGQ==",
      "dev": true,
      "dependencies": {
        "tslib": "^1.9.0"
      },
      "engines": {
        "npm": ">=2.0.0"
      }
    },
    "node_modules/tslib": {
      "version": "1.11.1",
      "resolved": "https://registry.npmjs.org/tslib/-/tslib-1.11.1.tgz",
      "integrity": "sha512-aZW88SY8kQbU7gpV19lN24LtXh/yD4ZZg6qieAJDDg+YBsJcSmLGK9QpnUjAKVG/xefmvJGd1WUmfpT/g6AJGA==",
      "dev": true
    },
    "node_modules/typescript": {
      "version": "4.3.4",
      "resolved": "https://registry.npmjs.org/typescript/-/typescript-4.3.4.tgz",
      "integrity": "sha512-uauPG7XZn9F/mo+7MrsRjyvbxFpzemRjKEZXS4AK83oP2KKOJPvb+9cO/gmnv8arWZvhnjVOXz7B49m1l0e9Ew==",
      "dev": true,
      "bin": {
        "tsc": "bin/tsc",
        "tsserver": "bin/tsserver"
      },
      "engines": {
        "node": ">=4.2.0"
      }
    },
    "node_modules/zone.js": {
      "version": "0.11.4",
      "resolved": "https://registry.npmjs.org/zone.js/-/zone.js-0.11.4.tgz",
      "integrity": "sha512-DDh2Ab+A/B+9mJyajPjHFPWfYU1H+pdun4wnnk0OcQTNjem1XQSZ2CDW+rfZEUDjv5M19SBqAkjZi0x5wuB5Qw==",
      "dev": true,
      "peer": true,
      "dependencies": {
        "tslib": "^2.0.0"
      }
    },
    "node_modules/zone.js/node_modules/tslib": {
      "version": "2.3.0",
      "resolved": "https://registry.npmjs.org/tslib/-/tslib-2.3.0.tgz",
      "integrity": "sha512-N82ooyxVNm6h1riLCoyS9e3fuJ3AMG2zIZs2Gd1ATcSFjSA23Q0fzjjZeh0jbJvWVDZ0cJT8yaNNaaXHzueNjg==",
      "dev": true,
      "peer": true
    }
  },
  "dependencies": {
    "@angular/core": {
      "version": "12.0.5",
      "resolved": "https://registry.npmjs.org/@angular/core/-/core-12.0.5.tgz",
      "integrity": "sha512-uVYsZa1VqVw8vNcjUYgfjXBc1M3WaxLXoLnCsDvutJiln4csa8Yw8p7RqQSrZ6AgQ8o2LHD2JJ5kus3EDMwfcA==",
      "dev": true,
      "requires": {
        "tslib": "^2.1.0"
      },
      "dependencies": {
        "tslib": {
          "version": "2.3.0",
          "resolved": "https://registry.npmjs.org/tslib/-/tslib-2.3.0.tgz",
          "integrity": "sha512-N82ooyxVNm6h1riLCoyS9e3fuJ3AMG2zIZs2Gd1ATcSFjSA23Q0fzjjZeh0jbJvWVDZ0cJT8yaNNaaXHzueNjg==",
          "dev": true
        }
      }
    },
    "@ngrx/effects": {
      "version": "12.1.0",
      "resolved": "https://registry.npmjs.org/@ngrx/effects/-/effects-12.1.0.tgz",
      "integrity": "sha512-DcVovaJB9hZ8qo5UNjRS0KqLaMX8YreuR3EtRPUysB0aePBuoWQiN8HUic8DgmI2cN3KcZxOsRKj/1VaVArLJw==",
      "dev": true,
      "requires": {
        "tslib": "^2.0.0"
      },
      "dependencies": {
        "tslib": {
          "version": "2.3.0",
          "resolved": "https://registry.npmjs.org/tslib/-/tslib-2.3.0.tgz",
          "integrity": "sha512-N82ooyxVNm6h1riLCoyS9e3fuJ3AMG2zIZs2Gd1ATcSFjSA23Q0fzjjZeh0jbJvWVDZ0cJT8yaNNaaXHzueNjg==",
          "dev": true
        }
      }
    },
    "@ngrx/store": {
      "version": "12.1.0",
      "resolved": "https://registry.npmjs.org/@ngrx/store/-/store-12.1.0.tgz",
      "integrity": "sha512-HrNs7bs/MNkLxFnvGx7uPIvEP3RWqGMewVaFjqUxq6sDefn6D6TQ/Sv/8KsNNxuG7r7pKGw+U/tClunJhmRfpw==",
      "dev": true,
      "requires": {
        "tslib": "^2.0.0"
      },
      "dependencies": {
        "tslib": {
          "version": "2.3.0",
          "resolved": "https://registry.npmjs.org/tslib/-/tslib-2.3.0.tgz",
          "integrity": "sha512-N82ooyxVNm6h1riLCoyS9e3fuJ3AMG2zIZs2Gd1ATcSFjSA23Q0fzjjZeh0jbJvWVDZ0cJT8yaNNaaXHzueNjg==",
          "dev": true
        }
      }
    },
    "rxjs": {
      "version": "6.5.5",
      "resolved": "https://registry.npmjs.org/rxjs/-/rxjs-6.5.5.tgz",
      "integrity": "sha512-WfQI+1gohdf0Dai/Bbmk5L5ItH5tYqm3ki2c5GdWhKjalzjg93N3avFjVStyZZz+A2Em+ZxKH5bNghw9UeylGQ==",
      "dev": true,
      "requires": {
        "tslib": "^1.9.0"
      }
    },
    "tslib": {
      "version": "1.11.1",
      "resolved": "https://registry.npmjs.org/tslib/-/tslib-1.11.1.tgz",
      "integrity": "sha512-aZW88SY8kQbU7gpV19lN24LtXh/yD4ZZg6qieAJDDg+YBsJcSmLGK9QpnUjAKVG/xefmvJGd1WUmfpT/g6AJGA==",
      "dev": true
    },
    "typescript": {
      "version": "4.3.4",
      "resolved": "https://registry.npmjs.org/typescript/-/typescript-4.3.4.tgz",
      "integrity": "sha512-uauPG7XZn9F/mo+7MrsRjyvbxFpzemRjKEZXS4AK83oP2KKOJPvb+9cO/gmnv8arWZvhnjVOXz7B49m1l0e9Ew==",
      "dev": true
    },
    "zone.js": {
      "version": "0.11.4",
      "resolved": "https://registry.npmjs.org/zone.js/-/zone.js-0.11.4.tgz",
      "integrity": "sha512-DDh2Ab+A/B+9mJyajPjHFPWfYU1H+pdun4wnnk0OcQTNjem1XQSZ2CDW+rfZEUDjv5M19SBqAkjZi0x5wuB5Qw==",
      "dev": true,
      "peer": true,
      "requires": {
        "tslib": "^2.0.0"
      },
      "dependencies": {
        "tslib": {
          "version": "2.3.0",
          "resolved": "https://registry.npmjs.org/tslib/-/tslib-2.3.0.tgz",
          "integrity": "sha512-N82ooyxVNm6h1riLCoyS9e3fuJ3AMG2zIZs2Gd1ATcSFjSA23Q0fzjjZeh0jbJvWVDZ0cJT8yaNNaaXHzueNjg==",
          "dev": true,
          "peer": true
        }
      }
    }
  }
}
